
Microsoft Visual Studio Solution File, Format Version 12.00
# Visual Studio Version 17
VisualStudioVersion = 17.5.33516.290
MinimumVisualStudioVersion = 10.0.40219.1
Project("{FAE04EC0-301F-11D3-BF4B-00C04F79EFBC}") = "WindowsFormsFirstTest", "WindowsFormsFirstTest.csproj", "{E223D276-F75A-44A5-B1F3-CCDD344317CF}"
EndProject
Global
	GlobalSection(SolutionConfigurationPlatforms) = preSolution
		Debug|Any CPU = Debug|Any CPU
		Release|Any CPU = Release|Any CPU
	EndGlobalSection
	GlobalSection(ProjectConfigurationPlatforms) = postSolution
		{E223D276-F75A-44A5-B1F3-CCDD344317CF}.Debug|Any CPU.ActiveCfg = Debug|Any CPU
		{E223D276-F75A-44A5-B1F3-CCDD344317CF}.Debug|Any CPU.Build.0 = Debug|Any CPU
		{E223D276-F75A-44A5-B1F3-CCDD344317CF}.Release|Any CPU.ActiveCfg = Release|Any CPU
		{E223D276-F75A-44A5-B1F3-CCDD344317CF}.Release|Any CPU.Build.0 = Release|Any CPU
	EndGlobalSection
	GlobalSection(SolutionProperties) = preSolution
		HideSolutionNode = FALSE
	EndGlobalSection
	GlobalSection(ExtensibilityGlobals) = postSolution
		SolutionGuid = {A710F236-EFBF-434A-8E20-08704FEF1F25}
	EndGlobalSection
EndGlobal
